// !$*UTF8*$!
{
	archiveVersion = 1;
	classes = {
	};
	objectVersion = 54;
	objects = {

/* Begin PBXBuildFile section */
		00E356F31AD99517003FC87E /* TrashMonTests.m in Sources */ = {isa = PBXBuildFile; fileRef = 00E356F21AD99517003FC87E /* TrashMonTests.m */; };
		13B07FBC1A68108700A75B9A /* AppDelegate.m in Sources */ = {isa = PBXBuildFile; fileRef = 13B07FB01A68108700A75B9A /* AppDelegate.m */; };
		13B07FBF1A68108700A75B9A /* Images.xcassets in Resources */ = {isa = PBXBuildFile; fileRef = 13B07FB51A68108700A75B9A /* Images.xcassets */; };
		13B07FC11A68108700A75B9A /* main.m in Sources */ = {isa = PBXBuildFile; fileRef = 13B07FB71A68108700A75B9A /* main.m */; };
		81AB9BB82411601600AC10FF /* LaunchScreen.storyboard in Resources */ = {isa = PBXBuildFile; fileRef = 81AB9BB72411601600AC10FF /* LaunchScreen.storyboard */; };
		ECECF474993F46EBBFEBB730 /* ABeeZee-Italic.ttf in Resources */ = {isa = PBXBuildFile; fileRef = 1C92E2122AD14EF38722CB97 /* ABeeZee-Italic.ttf */; };
		97D513EA8CA74F98B2ABB527 /* ABeeZee-Regular.ttf in Resources */ = {isa = PBXBuildFile; fileRef = A145EA081A524A3AA95BCAB7 /* ABeeZee-Regular.ttf */; };
		69D122176A1F4CA6B1DE879E /* NotoSansTC-Black-Alphabetic.ttf in Resources */ = {isa = PBXBuildFile; fileRef = BECF9B6000684E70BD2FB425 /* NotoSansTC-Black-Alphabetic.ttf */; };
		405B9146AFD14A0586A05742 /* NotoSansTC-Bold-Alphabetic.ttf in Resources */ = {isa = PBXBuildFile; fileRef = 72B249E3B0B44347B92D01C9 /* NotoSansTC-Bold-Alphabetic.ttf */; };
		8FD17643FB054C5E9E31D749 /* NotoSansTC-Light-Alphabetic.ttf in Resources */ = {isa = PBXBuildFile; fileRef = C67B6698956D43B4B0199C4F /* NotoSansTC-Light-Alphabetic.ttf */; };
		BCE74ED6F80D4BFD94D4036E /* NotoSansTC-Medium-Alphabetic.ttf in Resources */ = {isa = PBXBuildFile; fileRef = D66EF04177484F8089A5AAA6 /* NotoSansTC-Medium-Alphabetic.ttf */; };
		86F37D3F0B1D404B9B69367A /* NotoSansTC-Regular-Alphabetic.ttf in Resources */ = {isa = PBXBuildFile; fileRef = 4B7930FF6BAA4199BBEF1275 /* NotoSansTC-Regular-Alphabetic.ttf */; };
		BB70FB3B1FF24E58917CF2C5 /* NotoSansTC-Thin-Alphabetic.ttf in Resources */ = {isa = PBXBuildFile; fileRef = 41D4EB6BE0DD4E729E346A16 /* NotoSansTC-Thin-Alphabetic.ttf */; };
		3A6DC33630BC4B0A8B8D609C /* Oswald-Bold.ttf in Resources */ = {isa = PBXBuildFile; fileRef = 7FF7CB7E411E4B9BBAA89C82 /* Oswald-Bold.ttf */; };
		88AC47A035EE40E58E9ADAE5 /* Oswald-ExtraLight.ttf in Resources */ = {isa = PBXBuildFile; fileRef = BC50F223D7464B4B94F4A73E /* Oswald-ExtraLight.ttf */; };
		74906A589416431F8AFA1A78 /* Oswald-Light.ttf in Resources */ = {isa = PBXBuildFile; fileRef = 17DFE913ABB24D41AA7B6C74 /* Oswald-Light.ttf */; };
		EE22CB35475C452D98D183BD /* Oswald-Medium.ttf in Resources */ = {isa = PBXBuildFile; fileRef = 72C334F08B9E43679895591B /* Oswald-Medium.ttf */; };
		D5F761C1CE244E3D8A055C1B /* Oswald-Regular.ttf in Resources */ = {isa = PBXBuildFile; fileRef = A95FB48CF03F473F974699DB /* Oswald-Regular.ttf */; };
		0B55A1D183B045DA9A6A8835 /* Oswald-SemiBold.ttf in Resources */ = {isa = PBXBuildFile; fileRef = C85D6A6A1DE8453789F17E66 /* Oswald-SemiBold.ttf */; };
		F322F1B9B2A04A2897AEA427 /* AntDesign.ttf in Resources */ = {isa = PBXBuildFile; fileRef = 5AC0A91C201046B29F00ED76 /* AntDesign.ttf */; };
		0B49DDD31F3645A69E88263D /* Entypo.ttf in Resources */ = {isa = PBXBuildFile; fileRef = 97F925B0C4074F0C96CA1525 /* Entypo.ttf */; };
		1CD4403D203244C5939C642F /* EvilIcons.ttf in Resources */ = {isa = PBXBuildFile; fileRef = 00C723D939D247D3B259B867 /* EvilIcons.ttf */; };
		93542BFDB48E400DB843BF77 /* Feather.ttf in Resources */ = {isa = PBXBuildFile; fileRef = F9B2540204D8498480BB1CA2 /* Feather.ttf */; };
		0543B3D314D94742A785AFED /* FontAwesome.ttf in Resources */ = {isa = PBXBuildFile; fileRef = 502DFB6BE9274201B2BA36AA /* FontAwesome.ttf */; };
		84A66256798A48B8AF44F6D6 /* FontAwesome5_Brands.ttf in Resources */ = {isa = PBXBuildFile; fileRef = 1D785101B5C54C4184E5D863 /* FontAwesome5_Brands.ttf */; };
		292711291B414B4D9E837D76 /* FontAwesome5_Regular.ttf in Resources */ = {isa = PBXBuildFile; fileRef = DF549DD568E74B999135B7E9 /* FontAwesome5_Regular.ttf */; };
		B95BADFB436E4BA58CBF9BEA /* FontAwesome5_Solid.ttf in Resources */ = {isa = PBXBuildFile; fileRef = BA5E22C161DB49ACA7A05AE3 /* FontAwesome5_Solid.ttf */; };
		FBE674C8846F40C5BECC0EF0 /* Fontisto.ttf in Resources */ = {isa = PBXBuildFile; fileRef = FFB9A04FC6E44CA584B9BB6A /* Fontisto.ttf */; };
		B8728DE39F884EA2A4AE8297 /* Foundation.ttf in Resources */ = {isa = PBXBuildFile; fileRef = A7EE61C567F14328BC3E92CD /* Foundation.ttf */; };
		90622F3A6E7346A58BE3F45D /* Ionicons.ttf in Resources */ = {isa = PBXBuildFile; fileRef = 9683D9C4BCE7449A808A91DB /* Ionicons.ttf */; };
		39CE8F60EF824D86B817C4FE /* MaterialCommunityIcons.ttf in Resources */ = {isa = PBXBuildFile; fileRef = 84E49A014F9449EDAC0E89FE /* MaterialCommunityIcons.ttf */; };
		9BB6BA429AFC476AA531B861 /* MaterialIcons.ttf in Resources */ = {isa = PBXBuildFile; fileRef = 9D93386A33F6484CB7F637CD /* MaterialIcons.ttf */; };
		EA8ECA9D40634BDEAB00BA4D /* Octicons.ttf in Resources */ = {isa = PBXBuildFile; fileRef = 84B2B38421564050947C1784 /* Octicons.ttf */; };
		2CBCDA5F25DD4C5E9F87CADA /* SimpleLineIcons.ttf in Resources */ = {isa = PBXBuildFile; fileRef = 75AE9C632E514B8585A6E59D /* SimpleLineIcons.ttf */; };
		88747D474345463DB00DA243 /* Zocial.ttf in Resources */ = {isa = PBXBuildFile; fileRef = 7ECBED6998FF44EB87F4DEB6 /* Zocial.ttf */; };
/* End PBXBuildFile section */

/* Begin PBXContainerItemProxy section */
		00E356F41AD99517003FC87E /* PBXContainerItemProxy */ = {
			isa = PBXContainerItemProxy;
			containerPortal = 83CBB9F71A601CBA00E9B192 /* Project object */;
			proxyType = 1;
			remoteGlobalIDString = 13B07F861A680F5B00A75B9A;
			remoteInfo = TrashMon;
		};
/* End PBXContainerItemProxy section */

/* Begin PBXFileReference section */
		00E356EE1AD99517003FC87E /* TrashMonTests.xctest */ = {isa = PBXFileReference; explicitFileType = wrapper.cfbundle; includeInIndex = 0; path = TrashMonTests.xctest; sourceTree = BUILT_PRODUCTS_DIR; };
		00E356F11AD99517003FC87E /* Info.plist */ = {isa = PBXFileReference; lastKnownFileType = text.plist.xml; path = Info.plist; sourceTree = "<group>"; };
		00E356F21AD99517003FC87E /* TrashMonTests.m */ = {isa = PBXFileReference; lastKnownFileType = sourcecode.c.objc; path = TrashMonTests.m; sourceTree = "<group>"; };
		13B07F961A680F5B00A75B9A /* TrashMon.app */ = {isa = PBXFileReference; explicitFileType = wrapper.application; includeInIndex = 0; path = TrashMon.app; sourceTree = BUILT_PRODUCTS_DIR; };
		13B07FAF1A68108700A75B9A /* AppDelegate.h */ = {isa = PBXFileReference; fileEncoding = 4; lastKnownFileType = sourcecode.c.h; name = AppDelegate.h; path = TrashMon/AppDelegate.h; sourceTree = "<group>"; };
		13B07FB01A68108700A75B9A /* AppDelegate.m */ = {isa = PBXFileReference; fileEncoding = 4; lastKnownFileType = sourcecode.c.objc; name = AppDelegate.m; path = TrashMon/AppDelegate.m; sourceTree = "<group>"; };
		13B07FB51A68108700A75B9A /* Images.xcassets */ = {isa = PBXFileReference; lastKnownFileType = folder.assetcatalog; name = Images.xcassets; path = TrashMon/Images.xcassets; sourceTree = "<group>"; };
		13B07FB61A68108700A75B9A /* Info.plist */ = {isa = PBXFileReference; fileEncoding = 4; lastKnownFileType = text.plist.xml; name = Info.plist; path = TrashMon/Info.plist; sourceTree = "<group>"; };
		13B07FB71A68108700A75B9A /* main.m */ = {isa = PBXFileReference; fileEncoding = 4; lastKnownFileType = sourcecode.c.objc; name = main.m; path = TrashMon/main.m; sourceTree = "<group>"; };
		81AB9BB72411601600AC10FF /* LaunchScreen.storyboard */ = {isa = PBXFileReference; fileEncoding = 4; lastKnownFileType = file.storyboard; name = LaunchScreen.storyboard; path = TrashMon/LaunchScreen.storyboard; sourceTree = "<group>"; };
		ED297162215061F000B7C4FE /* JavaScriptCore.framework */ = {isa = PBXFileReference; lastKnownFileType = wrapper.framework; name = JavaScriptCore.framework; path = System/Library/Frameworks/JavaScriptCore.framework; sourceTree = SDKROOT; };
		1C92E2122AD14EF38722CB97 /* ABeeZee-Italic.ttf */ = {isa = PBXFileReference; name = "ABeeZee-Italic.ttf"; path = "../assets/fonts/ABeeZee-Italic.ttf"; sourceTree = "<group>"; fileEncoding = undefined; lastKnownFileType = unknown; explicitFileType = undefined; includeInIndex = 0; };
		A145EA081A524A3AA95BCAB7 /* ABeeZee-Regular.ttf */ = {isa = PBXFileReference; name = "ABeeZee-Regular.ttf"; path = "../assets/fonts/ABeeZee-Regular.ttf"; sourceTree = "<group>"; fileEncoding = undefined; lastKnownFileType = unknown; explicitFileType = undefined; includeInIndex = 0; };
		BECF9B6000684E70BD2FB425 /* NotoSansTC-Black-Alphabetic.ttf */ = {isa = PBXFileReference; name = "NotoSansTC-Black-Alphabetic.ttf"; path = "../assets/fonts/NotoSansTC-Black-Alphabetic.ttf"; sourceTree = "<group>"; fileEncoding = undefined; lastKnownFileType = unknown; explicitFileType = undefined; includeInIndex = 0; };
		72B249E3B0B44347B92D01C9 /* NotoSansTC-Bold-Alphabetic.ttf */ = {isa = PBXFileReference; name = "NotoSansTC-Bold-Alphabetic.ttf"; path = "../assets/fonts/NotoSansTC-Bold-Alphabetic.ttf"; sourceTree = "<group>"; fileEncoding = undefined; lastKnownFileType = unknown; explicitFileType = undefined; includeInIndex = 0; };
		C67B6698956D43B4B0199C4F /* NotoSansTC-Light-Alphabetic.ttf */ = {isa = PBXFileReference; name = "NotoSansTC-Light-Alphabetic.ttf"; path = "../assets/fonts/NotoSansTC-Light-Alphabetic.ttf"; sourceTree = "<group>"; fileEncoding = undefined; lastKnownFileType = unknown; explicitFileType = undefined; includeInIndex = 0; };
		D66EF04177484F8089A5AAA6 /* NotoSansTC-Medium-Alphabetic.ttf */ = {isa = PBXFileReference; name = "NotoSansTC-Medium-Alphabetic.ttf"; path = "../assets/fonts/NotoSansTC-Medium-Alphabetic.ttf"; sourceTree = "<group>"; fileEncoding = undefined; lastKnownFileType = unknown; explicitFileType = undefined; includeInIndex = 0; };
		4B7930FF6BAA4199BBEF1275 /* NotoSansTC-Regular-Alphabetic.ttf */ = {isa = PBXFileReference; name = "NotoSansTC-Regular-Alphabetic.ttf"; path = "../assets/fonts/NotoSansTC-Regular-Alphabetic.ttf"; sourceTree = "<group>"; fileEncoding = undefined; lastKnownFileType = unknown; explicitFileType = undefined; includeInIndex = 0; };
		41D4EB6BE0DD4E729E346A16 /* NotoSansTC-Thin-Alphabetic.ttf */ = {isa = PBXFileReference; name = "NotoSansTC-Thin-Alphabetic.ttf"; path = "../assets/fonts/NotoSansTC-Thin-Alphabetic.ttf"; sourceTree = "<group>"; fileEncoding = undefined; lastKnownFileType = unknown; explicitFileType = undefined; includeInIndex = 0; };
		7FF7CB7E411E4B9BBAA89C82 /* Oswald-Bold.ttf */ = {isa = PBXFileReference; name = "Oswald-Bold.ttf"; path = "../assets/fonts/Oswald-Bold.ttf"; sourceTree = "<group>"; fileEncoding = undefined; lastKnownFileType = unknown; explicitFileType = undefined; includeInIndex = 0; };
		BC50F223D7464B4B94F4A73E /* Oswald-ExtraLight.ttf */ = {isa = PBXFileReference; name = "Oswald-ExtraLight.ttf"; path = "../assets/fonts/Oswald-ExtraLight.ttf"; sourceTree = "<group>"; fileEncoding = undefined; lastKnownFileType = unknown; explicitFileType = undefined; includeInIndex = 0; };
		17DFE913ABB24D41AA7B6C74 /* Oswald-Light.ttf */ = {isa = PBXFileReference; name = "Oswald-Light.ttf"; path = "../assets/fonts/Oswald-Light.ttf"; sourceTree = "<group>"; fileEncoding = undefined; lastKnownFileType = unknown; explicitFileType = undefined; includeInIndex = 0; };
		72C334F08B9E43679895591B /* Oswald-Medium.ttf */ = {isa = PBXFileReference; name = "Oswald-Medium.ttf"; path = "../assets/fonts/Oswald-Medium.ttf"; sourceTree = "<group>"; fileEncoding = undefined; lastKnownFileType = unknown; explicitFileType = undefined; includeInIndex = 0; };
		A95FB48CF03F473F974699DB /* Oswald-Regular.ttf */ = {isa = PBXFileReference; name = "Oswald-Regular.ttf"; path = "../assets/fonts/Oswald-Regular.ttf"; sourceTree = "<group>"; fileEncoding = undefined; lastKnownFileType = unknown; explicitFileType = undefined; includeInIndex = 0; };
		C85D6A6A1DE8453789F17E66 /* Oswald-SemiBold.ttf */ = {isa = PBXFileReference; name = "Oswald-SemiBold.ttf"; path = "../assets/fonts/Oswald-SemiBold.ttf"; sourceTree = "<group>"; fileEncoding = undefined; lastKnownFileType = unknown; explicitFileType = undefined; includeInIndex = 0; };
		5AC0A91C201046B29F00ED76 /* AntDesign.ttf */ = {isa = PBXFileReference; name = "AntDesign.ttf"; path = "../node_modules/react-native-vector-icons/Fonts/AntDesign.ttf"; sourceTree = "<group>"; fileEncoding = undefined; lastKnownFileType = unknown; explicitFileType = undefined; includeInIndex = 0; };
		97F925B0C4074F0C96CA1525 /* Entypo.ttf */ = {isa = PBXFileReference; name = "Entypo.ttf"; path = "../node_modules/react-native-vector-icons/Fonts/Entypo.ttf"; sourceTree = "<group>"; fileEncoding = undefined; lastKnownFileType = unknown; explicitFileType = undefined; includeInIndex = 0; };
		00C723D939D247D3B259B867 /* EvilIcons.ttf */ = {isa = PBXFileReference; name = "EvilIcons.ttf"; path = "../node_modules/react-native-vector-icons/Fonts/EvilIcons.ttf"; sourceTree = "<group>"; fileEncoding = undefined; lastKnownFileType = unknown; explicitFileType = undefined; includeInIndex = 0; };
		F9B2540204D8498480BB1CA2 /* Feather.ttf */ = {isa = PBXFileReference; name = "Feather.ttf"; path = "../node_modules/react-native-vector-icons/Fonts/Feather.ttf"; sourceTree = "<group>"; fileEncoding = undefined; lastKnownFileType = unknown; explicitFileType = undefined; includeInIndex = 0; };
		502DFB6BE9274201B2BA36AA /* FontAwesome.ttf */ = {isa = PBXFileReference; name = "FontAwesome.ttf"; path = "../node_modules/react-native-vector-icons/Fonts/FontAwesome.ttf"; sourceTree = "<group>"; fileEncoding = undefined; lastKnownFileType = unknown; explicitFileType = undefined; includeInIndex = 0; };
		1D785101B5C54C4184E5D863 /* FontAwesome5_Brands.ttf */ = {isa = PBXFileReference; name = "FontAwesome5_Brands.ttf"; path = "../node_modules/react-native-vector-icons/Fonts/FontAwesome5_Brands.ttf"; sourceTree = "<group>"; fileEncoding = undefined; lastKnownFileType = unknown; explicitFileType = undefined; includeInIndex = 0; };
		DF549DD568E74B999135B7E9 /* FontAwesome5_Regular.ttf */ = {isa = PBXFileReference; name = "FontAwesome5_Regular.ttf"; path = "../node_modules/react-native-vector-icons/Fonts/FontAwesome5_Regular.ttf"; sourceTree = "<group>"; fileEncoding = undefined; lastKnownFileType = unknown; explicitFileType = undefined; includeInIndex = 0; };
		BA5E22C161DB49ACA7A05AE3 /* FontAwesome5_Solid.ttf */ = {isa = PBXFileReference; name = "FontAwesome5_Solid.ttf"; path = "../node_modules/react-native-vector-icons/Fonts/FontAwesome5_Solid.ttf"; sourceTree = "<group>"; fileEncoding = undefined; lastKnownFileType = unknown; explicitFileType = undefined; includeInIndex = 0; };
		FFB9A04FC6E44CA584B9BB6A /* Fontisto.ttf */ = {isa = PBXFileReference; name = "Fontisto.ttf"; path = "../node_modules/react-native-vector-icons/Fonts/Fontisto.ttf"; sourceTree = "<group>"; fileEncoding = undefined; lastKnownFileType = unknown; explicitFileType = undefined; includeInIndex = 0; };
		A7EE61C567F14328BC3E92CD /* Foundation.ttf */ = {isa = PBXFileReference; name = "Foundation.ttf"; path = "../node_modules/react-native-vector-icons/Fonts/Foundation.ttf"; sourceTree = "<group>"; fileEncoding = undefined; lastKnownFileType = unknown; explicitFileType = undefined; includeInIndex = 0; };
		9683D9C4BCE7449A808A91DB /* Ionicons.ttf */ = {isa = PBXFileReference; name = "Ionicons.ttf"; path = "../node_modules/react-native-vector-icons/Fonts/Ionicons.ttf"; sourceTree = "<group>"; fileEncoding = undefined; lastKnownFileType = unknown; explicitFileType = undefined; includeInIndex = 0; };
		84E49A014F9449EDAC0E89FE /* MaterialCommunityIcons.ttf */ = {isa = PBXFileReference; name = "MaterialCommunityIcons.ttf"; path = "../node_modules/react-native-vector-icons/Fonts/MaterialCommunityIcons.ttf"; sourceTree = "<group>"; fileEncoding = undefined; lastKnownFileType = unknown; explicitFileType = undefined; includeInIndex = 0; };
		9D93386A33F6484CB7F637CD /* MaterialIcons.ttf */ = {isa = PBXFileReference; name = "MaterialIcons.ttf"; path = "../node_modules/react-native-vector-icons/Fonts/MaterialIcons.ttf"; sourceTree = "<group>"; fileEncoding = undefined; lastKnownFileType = unknown; explicitFileType = undefined; includeInIndex = 0; };
		84B2B38421564050947C1784 /* Octicons.ttf */ = {isa = PBXFileReference; name = "Octicons.ttf"; path = "../node_modules/react-native-vector-icons/Fonts/Octicons.ttf"; sourceTree = "<group>"; fileEncoding = undefined; lastKnownFileType = unknown; explicitFileType = undefined; includeInIndex = 0; };
		75AE9C632E514B8585A6E59D /* SimpleLineIcons.ttf */ = {isa = PBXFileReference; name = "SimpleLineIcons.ttf"; path = "../node_modules/react-native-vector-icons/Fonts/SimpleLineIcons.ttf"; sourceTree = "<group>"; fileEncoding = undefined; lastKnownFileType = unknown; explicitFileType = undefined; includeInIndex = 0; };
		7ECBED6998FF44EB87F4DEB6 /* Zocial.ttf */ = {isa = PBXFileReference; name = "Zocial.ttf"; path = "../node_modules/react-native-vector-icons/Fonts/Zocial.ttf"; sourceTree = "<group>"; fileEncoding = undefined; lastKnownFileType = unknown; explicitFileType = undefined; includeInIndex = 0; };
/* End PBXFileReference section */

/* Begin PBXFrameworksBuildPhase section */
		00E356EB1AD99517003FC87E /* Frameworks */ = {
			isa = PBXFrameworksBuildPhase;
			buildActionMask = 2147483647;
			files = (
			);
			runOnlyForDeploymentPostprocessing = 0;
		};
		13B07F8C1A680F5B00A75B9A /* Frameworks */ = {
			isa = PBXFrameworksBuildPhase;
			buildActionMask = 2147483647;
			files = (
			);
			runOnlyForDeploymentPostprocessing = 0;
		};
/* End PBXFrameworksBuildPhase section */

/* Begin PBXGroup section */
		00E356EF1AD99517003FC87E /* TrashMonTests */ = {
			isa = PBXGroup;
			children = (
				00E356F21AD99517003FC87E /* TrashMonTests.m */,
				00E356F01AD99517003FC87E /* Supporting Files */,
			);
			path = TrashMonTests;
			sourceTree = "<group>";
		};
		00E356F01AD99517003FC87E /* Supporting Files */ = {
			isa = PBXGroup;
			children = (
				00E356F11AD99517003FC87E /* Info.plist */,
			);
			name = "Supporting Files";
			sourceTree = "<group>";
		};
		13B07FAE1A68108700A75B9A /* TrashMon */ = {
			isa = PBXGroup;
			children = (
				13B07FAF1A68108700A75B9A /* AppDelegate.h */,
				13B07FB01A68108700A75B9A /* AppDelegate.m */,
				13B07FB51A68108700A75B9A /* Images.xcassets */,
				13B07FB61A68108700A75B9A /* Info.plist */,
				81AB9BB72411601600AC10FF /* LaunchScreen.storyboard */,
				13B07FB71A68108700A75B9A /* main.m */,
			);
			name = TrashMon;
			sourceTree = "<group>";
		};
		2D16E6871FA4F8E400B85C8A /* Frameworks */ = {
			isa = PBXGroup;
			children = (
				ED297162215061F000B7C4FE /* JavaScriptCore.framework */,
			);
			name = Frameworks;
			sourceTree = "<group>";
		};
		832341AE1AAA6A7D00B99B32 /* Libraries */ = {
			isa = PBXGroup;
			children = (
			);
			name = Libraries;
			sourceTree = "<group>";
		};
		83CBB9F61A601CBA00E9B192 = {
			isa = PBXGroup;
			children = (
				13B07FAE1A68108700A75B9A /* TrashMon */,
				832341AE1AAA6A7D00B99B32 /* Libraries */,
				00E356EF1AD99517003FC87E /* TrashMonTests */,
				83CBBA001A601CBA00E9B192 /* Products */,
				2D16E6871FA4F8E400B85C8A /* Frameworks */,
				3D61E6B65DC0442C8845EFAD /* Resources */,
			);
			indentWidth = 2;
			sourceTree = "<group>";
			tabWidth = 2;
			usesTabs = 0;
		};
		83CBBA001A601CBA00E9B192 /* Products */ = {
			isa = PBXGroup;
			children = (
				13B07F961A680F5B00A75B9A /* TrashMon.app */,
				00E356EE1AD99517003FC87E /* TrashMonTests.xctest */,
			);
			name = Products;
			sourceTree = "<group>";
		};
		3D61E6B65DC0442C8845EFAD /* Resources */ = {
			isa = "PBXGroup";
			children = (
				1C92E2122AD14EF38722CB97 /* ABeeZee-Italic.ttf */,
				A145EA081A524A3AA95BCAB7 /* ABeeZee-Regular.ttf */,
				BECF9B6000684E70BD2FB425 /* NotoSansTC-Black-Alphabetic.ttf */,
				72B249E3B0B44347B92D01C9 /* NotoSansTC-Bold-Alphabetic.ttf */,
				C67B6698956D43B4B0199C4F /* NotoSansTC-Light-Alphabetic.ttf */,
				D66EF04177484F8089A5AAA6 /* NotoSansTC-Medium-Alphabetic.ttf */,
				4B7930FF6BAA4199BBEF1275 /* NotoSansTC-Regular-Alphabetic.ttf */,
				41D4EB6BE0DD4E729E346A16 /* NotoSansTC-Thin-Alphabetic.ttf */,
				7FF7CB7E411E4B9BBAA89C82 /* Oswald-Bold.ttf */,
				BC50F223D7464B4B94F4A73E /* Oswald-ExtraLight.ttf */,
				17DFE913ABB24D41AA7B6C74 /* Oswald-Light.ttf */,
				72C334F08B9E43679895591B /* Oswald-Medium.ttf */,
				A95FB48CF03F473F974699DB /* Oswald-Regular.ttf */,
				C85D6A6A1DE8453789F17E66 /* Oswald-SemiBold.ttf */,
				5AC0A91C201046B29F00ED76 /* AntDesign.ttf */,
				97F925B0C4074F0C96CA1525 /* Entypo.ttf */,
				00C723D939D247D3B259B867 /* EvilIcons.ttf */,
				F9B2540204D8498480BB1CA2 /* Feather.ttf */,
				502DFB6BE9274201B2BA36AA /* FontAwesome.ttf */,
				1D785101B5C54C4184E5D863 /* FontAwesome5_Brands.ttf */,
				DF549DD568E74B999135B7E9 /* FontAwesome5_Regular.ttf */,
				BA5E22C161DB49ACA7A05AE3 /* FontAwesome5_Solid.ttf */,
				FFB9A04FC6E44CA584B9BB6A /* Fontisto.ttf */,
				A7EE61C567F14328BC3E92CD /* Foundation.ttf */,
				9683D9C4BCE7449A808A91DB /* Ionicons.ttf */,
				84E49A014F9449EDAC0E89FE /* MaterialCommunityIcons.ttf */,
				9D93386A33F6484CB7F637CD /* MaterialIcons.ttf */,
				84B2B38421564050947C1784 /* Octicons.ttf */,
				75AE9C632E514B8585A6E59D /* SimpleLineIcons.ttf */,
				7ECBED6998FF44EB87F4DEB6 /* Zocial.ttf */,
			);
			name = Resources;
			sourceTree = "<group>";
			path = "";
		};
/* End PBXGroup section */

/* Begin PBXNativeTarget section */
		00E356ED1AD99517003FC87E /* TrashMonTests */ = {
			isa = PBXNativeTarget;
			buildConfigurationList = 00E357021AD99517003FC87E /* Build configuration list for PBXNativeTarget "TrashMonTests" */;
			buildPhases = (
				00E356EA1AD99517003FC87E /* Sources */,
				00E356EB1AD99517003FC87E /* Frameworks */,
				00E356EC1AD99517003FC87E /* Resources */,
			);
			buildRules = (
			);
			dependencies = (
				00E356F51AD99517003FC87E /* PBXTargetDependency */,
			);
			name = TrashMonTests;
			productName = TrashMonTests;
			productReference = 00E356EE1AD99517003FC87E /* TrashMonTests.xctest */;
			productType = "com.apple.product-type.bundle.unit-test";
		};
		13B07F861A680F5B00A75B9A /* TrashMon */ = {
			isa = PBXNativeTarget;
			buildConfigurationList = 13B07F931A680F5B00A75B9A /* Build configuration list for PBXNativeTarget "TrashMon" */;
			buildPhases = (
				FD10A7F022414F080027D42C /* Start Packager */,
				13B07F871A680F5B00A75B9A /* Sources */,
				13B07F8C1A680F5B00A75B9A /* Frameworks */,
				13B07F8E1A680F5B00A75B9A /* Resources */,
				00DD1BFF1BD5951E006B06BC /* Bundle React Native code and images */,
			);
			buildRules = (
			);
			dependencies = (
			);
			name = TrashMon;
			productName = TrashMon;
			productReference = 13B07F961A680F5B00A75B9A /* TrashMon.app */;
			productType = "com.apple.product-type.application";
		};
/* End PBXNativeTarget section */

/* Begin PBXProject section */
		83CBB9F71A601CBA00E9B192 /* Project object */ = {
			isa = PBXProject;
			attributes = {
				LastUpgradeCheck = 1210;
				TargetAttributes = {
					00E356ED1AD99517003FC87E = {
						CreatedOnToolsVersion = 6.2;
						TestTargetID = 13B07F861A680F5B00A75B9A;
					};
					13B07F861A680F5B00A75B9A = {
						LastSwiftMigration = 1120;
					};
				};
			};
			buildConfigurationList = 83CBB9FA1A601CBA00E9B192 /* Build configuration list for PBXProject "TrashMon" */;
			compatibilityVersion = "Xcode 12.0";
			developmentRegion = en;
			hasScannedForEncodings = 0;
			knownRegions = (
				en,
				Base,
			);
			mainGroup = 83CBB9F61A601CBA00E9B192;
			productRefGroup = 83CBBA001A601CBA00E9B192 /* Products */;
			projectDirPath = "";
			projectRoot = "";
			targets = (
				13B07F861A680F5B00A75B9A /* TrashMon */,
				00E356ED1AD99517003FC87E /* TrashMonTests */,
			);
		};
/* End PBXProject section */

/* Begin PBXResourcesBuildPhase section */
		00E356EC1AD99517003FC87E /* Resources */ = {
			isa = PBXResourcesBuildPhase;
			buildActionMask = 2147483647;
			files = (
			);
			runOnlyForDeploymentPostprocessing = 0;
		};
		13B07F8E1A680F5B00A75B9A /* Resources */ = {
			isa = PBXResourcesBuildPhase;
			buildActionMask = 2147483647;
			files = (
				81AB9BB82411601600AC10FF /* LaunchScreen.storyboard in Resources */,
				13B07FBF1A68108700A75B9A /* Images.xcassets in Resources */,
				ECECF474993F46EBBFEBB730 /* ABeeZee-Italic.ttf in Resources */,
				97D513EA8CA74F98B2ABB527 /* ABeeZee-Regular.ttf in Resources */,
				69D122176A1F4CA6B1DE879E /* NotoSansTC-Black-Alphabetic.ttf in Resources */,
				405B9146AFD14A0586A05742 /* NotoSansTC-Bold-Alphabetic.ttf in Resources */,
				8FD17643FB054C5E9E31D749 /* NotoSansTC-Light-Alphabetic.ttf in Resources */,
				BCE74ED6F80D4BFD94D4036E /* NotoSansTC-Medium-Alphabetic.ttf in Resources */,
				86F37D3F0B1D404B9B69367A /* NotoSansTC-Regular-Alphabetic.ttf in Resources */,
				BB70FB3B1FF24E58917CF2C5 /* NotoSansTC-Thin-Alphabetic.ttf in Resources */,
				3A6DC33630BC4B0A8B8D609C /* Oswald-Bold.ttf in Resources */,
				88AC47A035EE40E58E9ADAE5 /* Oswald-ExtraLight.ttf in Resources */,
				74906A589416431F8AFA1A78 /* Oswald-Light.ttf in Resources */,
				EE22CB35475C452D98D183BD /* Oswald-Medium.ttf in Resources */,
				D5F761C1CE244E3D8A055C1B /* Oswald-Regular.ttf in Resources */,
				0B55A1D183B045DA9A6A8835 /* Oswald-SemiBold.ttf in Resources */,
				F322F1B9B2A04A2897AEA427 /* AntDesign.ttf in Resources */,
				0B49DDD31F3645A69E88263D /* Entypo.ttf in Resources */,
				1CD4403D203244C5939C642F /* EvilIcons.ttf in Resources */,
				93542BFDB48E400DB843BF77 /* Feather.ttf in Resources */,
				0543B3D314D94742A785AFED /* FontAwesome.ttf in Resources */,
				84A66256798A48B8AF44F6D6 /* FontAwesome5_Brands.ttf in Resources */,
				292711291B414B4D9E837D76 /* FontAwesome5_Regular.ttf in Resources */,
				B95BADFB436E4BA58CBF9BEA /* FontAwesome5_Solid.ttf in Resources */,
				FBE674C8846F40C5BECC0EF0 /* Fontisto.ttf in Resources */,
				B8728DE39F884EA2A4AE8297 /* Foundation.ttf in Resources */,
				90622F3A6E7346A58BE3F45D /* Ionicons.ttf in Resources */,
				39CE8F60EF824D86B817C4FE /* MaterialCommunityIcons.ttf in Resources */,
				9BB6BA429AFC476AA531B861 /* MaterialIcons.ttf in Resources */,
				EA8ECA9D40634BDEAB00BA4D /* Octicons.ttf in Resources */,
				2CBCDA5F25DD4C5E9F87CADA /* SimpleLineIcons.ttf in Resources */,
				88747D474345463DB00DA243 /* Zocial.ttf in Resources */,
			);
			runOnlyForDeploymentPostprocessing = 0;
		};
/* End PBXResourcesBuildPhase section */

/* Begin PBXShellScriptBuildPhase section */
		00DD1BFF1BD5951E006B06BC /* Bundle React Native code and images */ = {
			isa = PBXShellScriptBuildPhase;
			buildActionMask = 2147483647;
			files = (
			);
			inputPaths = (
			);
			name = "Bundle React Native code and images";
			outputPaths = (
			);
			runOnlyForDeploymentPostprocessing = 0;
			shellPath = /bin/sh;
			shellScript = "set -e\n\nexport NODE_BINARY=node\n../node_modules/react-native/scripts/react-native-xcode.sh\n";
		};
		FD10A7F022414F080027D42C /* Start Packager */ = {
			isa = PBXShellScriptBuildPhase;
			buildActionMask = 2147483647;
			files = (
			);
			inputFileListPaths = (
			);
			inputPaths = (
			);
			name = "Start Packager";
			outputFileListPaths = (
			);
			outputPaths = (
			);
			runOnlyForDeploymentPostprocessing = 0;
			shellPath = /bin/sh;
			shellScript = "export RCT_METRO_PORT=\"${RCT_METRO_PORT:=8081}\"\necho \"export RCT_METRO_PORT=${RCT_METRO_PORT}\" > \"${SRCROOT}/../node_modules/react-native/scripts/.packager.env\"\nif [ -z \"${RCT_NO_LAUNCH_PACKAGER+xxx}\" ] ; then\n  if nc -w 5 -z localhost ${RCT_METRO_PORT} ; then\n    if ! curl -s \"http://localhost:${RCT_METRO_PORT}/status\" | grep -q \"packager-status:running\" ; then\n      echo \"Port ${RCT_METRO_PORT} already in use, packager is either not running or not running correctly\"\n      exit 2\n    fi\n  else\n    open \"$SRCROOT/../node_modules/react-native/scripts/launchPackager.command\" || echo \"Can't start packager automatically\"\n  fi\nfi\n";
			showEnvVarsInLog = 0;
		};
/* End PBXShellScriptBuildPhase section */

/* Begin PBXSourcesBuildPhase section */
		00E356EA1AD99517003FC87E /* Sources */ = {
			isa = PBXSourcesBuildPhase;
			buildActionMask = 2147483647;
			files = (
				00E356F31AD99517003FC87E /* TrashMonTests.m in Sources */,
			);
			runOnlyForDeploymentPostprocessing = 0;
		};
		13B07F871A680F5B00A75B9A /* Sources */ = {
			isa = PBXSourcesBuildPhase;
			buildActionMask = 2147483647;
			files = (
				13B07FBC1A68108700A75B9A /* AppDelegate.m in Sources */,
				13B07FC11A68108700A75B9A /* main.m in Sources */,
			);
			runOnlyForDeploymentPostprocessing = 0;
		};
/* End PBXSourcesBuildPhase section */

/* Begin PBXTargetDependency section */
		00E356F51AD99517003FC87E /* PBXTargetDependency */ = {
			isa = PBXTargetDependency;
			target = 13B07F861A680F5B00A75B9A /* TrashMon */;
			targetProxy = 00E356F41AD99517003FC87E /* PBXContainerItemProxy */;
		};
/* End PBXTargetDependency section */

/* Begin XCBuildConfiguration section */
		00E356F61AD99517003FC87E /* Debug */ = {
			isa = XCBuildConfiguration;
			buildSettings = {
				BUNDLE_LOADER = "$(TEST_HOST)";
				GCC_PREPROCESSOR_DEFINITIONS = (
					"DEBUG=1",
					"$(inherited)",
				);
				INFOPLIST_FILE = TrashMonTests/Info.plist;
				IPHONEOS_DEPLOYMENT_TARGET = 11.0;
				LD_RUNPATH_SEARCH_PATHS = (
					"$(inherited)",
					"@executable_path/Frameworks",
					"@loader_path/Frameworks",
				);
				OTHER_LDFLAGS = (
					"-ObjC",
					"-lc++",
					"$(inherited)",
				);
				PRODUCT_BUNDLE_IDENTIFIER = "org.reactjs.native.example.$(PRODUCT_NAME:rfc1034identifier)";
				PRODUCT_NAME = "$(TARGET_NAME)";
				TEST_HOST = "$(BUILT_PRODUCTS_DIR)/TrashMon.app/TrashMon";
			};
			name = Debug;
		};
		00E356F71AD99517003FC87E /* Release */ = {
			isa = XCBuildConfiguration;
			buildSettings = {
				BUNDLE_LOADER = "$(TEST_HOST)";
				COPY_PHASE_STRIP = NO;
				INFOPLIST_FILE = TrashMonTests/Info.plist;
				IPHONEOS_DEPLOYMENT_TARGET = 11.0;
				LD_RUNPATH_SEARCH_PATHS = (
					"$(inherited)",
					"@executable_path/Frameworks",
					"@loader_path/Frameworks",
				);
				OTHER_LDFLAGS = (
					"-ObjC",
					"-lc++",
					"$(inherited)",
				);
				PRODUCT_BUNDLE_IDENTIFIER = "org.reactjs.native.example.$(PRODUCT_NAME:rfc1034identifier)";
				PRODUCT_NAME = "$(TARGET_NAME)";
				TEST_HOST = "$(BUILT_PRODUCTS_DIR)/TrashMon.app/TrashMon";
			};
			name = Release;
		};
		13B07F941A680F5B00A75B9A /* Debug */ = {
			isa = XCBuildConfiguration;
			buildSettings = {
				ASSETCATALOG_COMPILER_APPICON_NAME = AppIcon;
				CLANG_ENABLE_MODULES = YES;
				CURRENT_PROJECT_VERSION = 1;
				ENABLE_BITCODE = NO;
				INFOPLIST_FILE = TrashMon/Info.plist;
				LD_RUNPATH_SEARCH_PATHS = (
					"$(inherited)",
					"@executable_path/Frameworks",
				);
				OTHER_LDFLAGS = (
					"$(inherited)",
					"-ObjC",
					"-lc++",
				);
				PRODUCT_BUNDLE_IDENTIFIER = "org.reactjs.native.example.$(PRODUCT_NAME:rfc1034identifier)";
				PRODUCT_NAME = TrashMon;
				SWIFT_OPTIMIZATION_LEVEL = "-Onone";
				SWIFT_VERSION = 5.0;
				VERSIONING_SYSTEM = "apple-generic";
			};
			name = Debug;
		};
		13B07F951A680F5B00A75B9A /* Release */ = {
			isa = XCBuildConfiguration;
			buildSettings = {
				ASSETCATALOG_COMPILER_APPICON_NAME = AppIcon;
				CLANG_ENABLE_MODULES = YES;
				CURRENT_PROJECT_VERSION = 1;
				INFOPLIST_FILE = TrashMon/Info.plist;
				LD_RUNPATH_SEARCH_PATHS = (
					"$(inherited)",
					"@executable_path/Frameworks",
				);
				OTHER_LDFLAGS = (
					"$(inherited)",
					"-ObjC",
					"-lc++",
				);
				PRODUCT_BUNDLE_IDENTIFIER = "org.reactjs.native.example.$(PRODUCT_NAME:rfc1034identifier)";
				PRODUCT_NAME = TrashMon;
				SWIFT_VERSION = 5.0;
				VERSIONING_SYSTEM = "apple-generic";
			};
			name = Release;
		};
		83CBBA201A601CBA00E9B192 /* Debug */ = {
			isa = XCBuildConfiguration;
			buildSettings = {
				ALWAYS_SEARCH_USER_PATHS = NO;
				CLANG_ANALYZER_LOCALIZABILITY_NONLOCALIZED = YES;
				CLANG_CXX_LANGUAGE_STANDARD = "gnu++0x";
				CLANG_CXX_LIBRARY = "libc++";
				CLANG_ENABLE_MODULES = YES;
				CLANG_ENABLE_OBJC_ARC = YES;
				CLANG_WARN_BLOCK_CAPTURE_AUTORELEASING = YES;
				CLANG_WARN_BOOL_CONVERSION = YES;
				CLANG_WARN_COMMA = YES;
				CLANG_WARN_CONSTANT_CONVERSION = YES;
				CLANG_WARN_DEPRECATED_OBJC_IMPLEMENTATIONS = YES;
				CLANG_WARN_DIRECT_OBJC_ISA_USAGE = YES_ERROR;
				CLANG_WARN_EMPTY_BODY = YES;
				CLANG_WARN_ENUM_CONVERSION = YES;
				CLANG_WARN_INFINITE_RECURSION = YES;
				CLANG_WARN_INT_CONVERSION = YES;
				CLANG_WARN_NON_LITERAL_NULL_CONVERSION = YES;
				CLANG_WARN_OBJC_IMPLICIT_RETAIN_SELF = YES;
				CLANG_WARN_OBJC_LITERAL_CONVERSION = YES;
				CLANG_WARN_OBJC_ROOT_CLASS = YES_ERROR;
				CLANG_WARN_QUOTED_INCLUDE_IN_FRAMEWORK_HEADER = YES;
				CLANG_WARN_RANGE_LOOP_ANALYSIS = YES;
				CLANG_WARN_STRICT_PROTOTYPES = YES;
				CLANG_WARN_SUSPICIOUS_MOVE = YES;
				CLANG_WARN_UNREACHABLE_CODE = YES;
				CLANG_WARN__DUPLICATE_METHOD_MATCH = YES;
				"CODE_SIGN_IDENTITY[sdk=iphoneos*]" = "iPhone Developer";
				COPY_PHASE_STRIP = NO;
				ENABLE_STRICT_OBJC_MSGSEND = YES;
				ENABLE_TESTABILITY = YES;
				GCC_C_LANGUAGE_STANDARD = gnu99;
				GCC_DYNAMIC_NO_PIC = NO;
				GCC_NO_COMMON_BLOCKS = YES;
				GCC_OPTIMIZATION_LEVEL = 0;
				GCC_PREPROCESSOR_DEFINITIONS = (
					"DEBUG=1",
					"$(inherited)",
				);
				GCC_SYMBOLS_PRIVATE_EXTERN = NO;
				GCC_WARN_64_TO_32_BIT_CONVERSION = YES;
				GCC_WARN_ABOUT_RETURN_TYPE = YES_ERROR;
				GCC_WARN_UNDECLARED_SELECTOR = YES;
				GCC_WARN_UNINITIALIZED_AUTOS = YES_AGGRESSIVE;
				GCC_WARN_UNUSED_FUNCTION = YES;
				GCC_WARN_UNUSED_VARIABLE = YES;
				IPHONEOS_DEPLOYMENT_TARGET = 11.0;
				LD_RUNPATH_SEARCH_PATHS = (
					/usr/lib/swift,
					"$(inherited)",
				);
				LIBRARY_SEARCH_PATHS = (
					"\"$(SDKROOT)/usr/lib/swift\"",
					"\"$(TOOLCHAIN_DIR)/usr/lib/swift/$(PLATFORM_NAME)\"",
					"\"$(TOOLCHAIN_DIR)/usr/lib/swift-5.0/$(PLATFORM_NAME)\"",
					"\"$(inherited)\"",
				);
				MTL_ENABLE_DEBUG_INFO = YES;
				ONLY_ACTIVE_ARCH = YES;
				SDKROOT = iphoneos;
			};
			name = Debug;
		};
		83CBBA211A601CBA00E9B192 /* Release */ = {
			isa = XCBuildConfiguration;
			buildSettings = {
				ALWAYS_SEARCH_USER_PATHS = NO;
				CLANG_ANALYZER_LOCALIZABILITY_NONLOCALIZED = YES;
				CLANG_CXX_LANGUAGE_STANDARD = "gnu++0x";
				CLANG_CXX_LIBRARY = "libc++";
				CLANG_ENABLE_MODULES = YES;
				CLANG_ENABLE_OBJC_ARC = YES;
				CLANG_WARN_BLOCK_CAPTURE_AUTORELEASING = YES;
				CLANG_WARN_BOOL_CONVERSION = YES;
				CLANG_WARN_COMMA = YES;
				CLANG_WARN_CONSTANT_CONVERSION = YES;
				CLANG_WARN_DEPRECATED_OBJC_IMPLEMENTATIONS = YES;
				CLANG_WARN_DIRECT_OBJC_ISA_USAGE = YES_ERROR;
				CLANG_WARN_EMPTY_BODY = YES;
				CLANG_WARN_ENUM_CONVERSION = YES;
				CLANG_WARN_INFINITE_RECURSION = YES;
				CLANG_WARN_INT_CONVERSION = YES;
				CLANG_WARN_NON_LITERAL_NULL_CONVERSION = YES;
				CLANG_WARN_OBJC_IMPLICIT_RETAIN_SELF = YES;
				CLANG_WARN_OBJC_LITERAL_CONVERSION = YES;
				CLANG_WARN_OBJC_ROOT_CLASS = YES_ERROR;
				CLANG_WARN_QUOTED_INCLUDE_IN_FRAMEWORK_HEADER = YES;
				CLANG_WARN_RANGE_LOOP_ANALYSIS = YES;
				CLANG_WARN_STRICT_PROTOTYPES = YES;
				CLANG_WARN_SUSPICIOUS_MOVE = YES;
				CLANG_WARN_UNREACHABLE_CODE = YES;
				CLANG_WARN__DUPLICATE_METHOD_MATCH = YES;
				"CODE_SIGN_IDENTITY[sdk=iphoneos*]" = "iPhone Developer";
				COPY_PHASE_STRIP = YES;
				ENABLE_NS_ASSERTIONS = NO;
				ENABLE_STRICT_OBJC_MSGSEND = YES;
				GCC_C_LANGUAGE_STANDARD = gnu99;
				GCC_NO_COMMON_BLOCKS = YES;
				GCC_WARN_64_TO_32_BIT_CONVERSION = YES;
				GCC_WARN_ABOUT_RETURN_TYPE = YES_ERROR;
				GCC_WARN_UNDECLARED_SELECTOR = YES;
				GCC_WARN_UNINITIALIZED_AUTOS = YES_AGGRESSIVE;
				GCC_WARN_UNUSED_FUNCTION = YES;
				GCC_WARN_UNUSED_VARIABLE = YES;
				IPHONEOS_DEPLOYMENT_TARGET = 11.0;
				LD_RUNPATH_SEARCH_PATHS = (
					/usr/lib/swift,
					"$(inherited)",
				);
				LIBRARY_SEARCH_PATHS = (
					"\"$(SDKROOT)/usr/lib/swift\"",
					"\"$(TOOLCHAIN_DIR)/usr/lib/swift/$(PLATFORM_NAME)\"",
					"\"$(TOOLCHAIN_DIR)/usr/lib/swift-5.0/$(PLATFORM_NAME)\"",
					"\"$(inherited)\"",
				);
				MTL_ENABLE_DEBUG_INFO = NO;
				SDKROOT = iphoneos;
				VALIDATE_PRODUCT = YES;
			};
			name = Release;
		};
/* End XCBuildConfiguration section */

/* Begin XCConfigurationList section */
		00E357021AD99517003FC87E /* Build configuration list for PBXNativeTarget "TrashMonTests" */ = {
			isa = XCConfigurationList;
			buildConfigurations = (
				00E356F61AD99517003FC87E /* Debug */,
				00E356F71AD99517003FC87E /* Release */,
			);
			defaultConfigurationIsVisible = 0;
			defaultConfigurationName = Release;
		};
		13B07F931A680F5B00A75B9A /* Build configuration list for PBXNativeTarget "TrashMon" */ = {
			isa = XCConfigurationList;
			buildConfigurations = (
				13B07F941A680F5B00A75B9A /* Debug */,
				13B07F951A680F5B00A75B9A /* Release */,
			);
			defaultConfigurationIsVisible = 0;
			defaultConfigurationName = Release;
		};
		83CBB9FA1A601CBA00E9B192 /* Build configuration list for PBXProject "TrashMon" */ = {
			isa = XCConfigurationList;
			buildConfigurations = (
				83CBBA201A601CBA00E9B192 /* Debug */,
				83CBBA211A601CBA00E9B192 /* Release */,
			);
			defaultConfigurationIsVisible = 0;
			defaultConfigurationName = Release;
		};
/* End XCConfigurationList section */
	};
	rootObject = 83CBB9F71A601CBA00E9B192 /* Project object */;
}
